
Microsoft Visual Studio Solution File, Format Version 12.00
# Visual Studio 15
VisualStudioVersion = 15.0.26124.0
MinimumVisualStudioVersion = 15.0.26124.0
Project("{FAE04EC0-301F-11D3-BF4B-00C04F79EFBC}") = "API", "API\API.csproj", "{C40C6E03-9B0B-4D1C-8CDE-CB48E309A8E0}"
EndProject
Project("{FAE04EC0-301F-11D3-BF4B-00C04F79EFBC}") = "Application", "Application\Application.csproj", "{815B3BFC-2FE3-4F52-B271-8A1CADFB04FF}"
EndProject
Project("{FAE04EC0-301F-11D3-BF4B-00C04F79EFBC}") = "Infrastructure", "Infrastructure\Infrastructure.csproj", "{321D63D6-7AB7-43EC-B2D5-C915BDE485E5}"
EndProject
Project("{FAE04EC0-301F-11D3-BF4B-00C04F79EFBC}") = "Persistence", "Persistence\Persistence.csproj", "{0BEA5F7C-BBE1-4B4C-8F11-B7D3310804A0}"
EndProject
Project("{FAE04EC0-301F-11D3-BF4B-00C04F79EFBC}") = "Domain", "Domain\Domain.csproj", "{441980AC-644B-470E-9689-F258B30A6142}"
EndProject
Global
	GlobalSection(SolutionConfigurationPlatforms) = preSolution
		Debug|Any CPU = Debug|Any CPU
		Debug|x64 = Debug|x64
		Debug|x86 = Debug|x86
		Release|Any CPU = Release|Any CPU
		Release|x64 = Release|x64
		Release|x86 = Release|x86
	EndGlobalSection
	GlobalSection(SolutionProperties) = preSolution
		HideSolutionNode = FALSE
	EndGlobalSection
	GlobalSection(ProjectConfigurationPlatforms) = postSolution
		{C40C6E03-9B0B-4D1C-8CDE-CB48E309A8E0}.Debug|Any CPU.ActiveCfg = Debug|Any CPU
		{C40C6E03-9B0B-4D1C-8CDE-CB48E309A8E0}.Debug|Any CPU.Build.0 = Debug|Any CPU
		{C40C6E03-9B0B-4D1C-8CDE-CB48E309A8E0}.Debug|x64.ActiveCfg = Debug|Any CPU
		{C40C6E03-9B0B-4D1C-8CDE-CB48E309A8E0}.Debug|x64.Build.0 = Debug|Any CPU
		{C40C6E03-9B0B-4D1C-8CDE-CB48E309A8E0}.Debug|x86.ActiveCfg = Debug|Any CPU
		{C40C6E03-9B0B-4D1C-8CDE-CB48E309A8E0}.Debug|x86.Build.0 = Debug|Any CPU
		{C40C6E03-9B0B-4D1C-8CDE-CB48E309A8E0}.Release|Any CPU.ActiveCfg = Release|Any CPU
		{C40C6E03-9B0B-4D1C-8CDE-CB48E309A8E0}.Release|Any CPU.Build.0 = Release|Any CPU
		{C40C6E03-9B0B-4D1C-8CDE-CB48E309A8E0}.Release|x64.ActiveCfg = Release|Any CPU
		{C40C6E03-9B0B-4D1C-8CDE-CB48E309A8E0}.Release|x64.Build.0 = Release|Any CPU
		{C40C6E03-9B0B-4D1C-8CDE-CB48E309A8E0}.Release|x86.ActiveCfg = Release|Any CPU
		{C40C6E03-9B0B-4D1C-8CDE-CB48E309A8E0}.Release|x86.Build.0 = Release|Any CPU
		{815B3BFC-2FE3-4F52-B271-8A1CADFB04FF}.Debug|Any CPU.ActiveCfg = Debug|Any CPU
		{815B3BFC-2FE3-4F52-B271-8A1CADFB04FF}.Debug|Any CPU.Build.0 = Debug|Any CPU
		{815B3BFC-2FE3-4F52-B271-8A1CADFB04FF}.Debug|x64.ActiveCfg = Debug|Any CPU
		{815B3BFC-2FE3-4F52-B271-8A1CADFB04FF}.Debug|x64.Build.0 = Debug|Any CPU
		{815B3BFC-2FE3-4F52-B271-8A1CADFB04FF}.Debug|x86.ActiveCfg = Debug|Any CPU
		{815B3BFC-2FE3-4F52-B271-8A1CADFB04FF}.Debug|x86.Build.0 = Debug|Any CPU
		{815B3BFC-2FE3-4F52-B271-8A1CADFB04FF}.Release|Any CPU.ActiveCfg = Release|Any CPU
		{815B3BFC-2FE3-4F52-B271-8A1CADFB04FF}.Release|Any CPU.Build.0 = Release|Any CPU
		{815B3BFC-2FE3-4F52-B271-8A1CADFB04FF}.Release|x64.ActiveCfg = Release|Any CPU
		{815B3BFC-2FE3-4F52-B271-8A1CADFB04FF}.Release|x64.Build.0 = Release|Any CPU
		{815B3BFC-2FE3-4F52-B271-8A1CADFB04FF}.Release|x86.ActiveCfg = Release|Any CPU
		{815B3BFC-2FE3-4F52-B271-8A1CADFB04FF}.Release|x86.Build.0 = Release|Any CPU
		{321D63D6-7AB7-43EC-B2D5-C915BDE485E5}.Debug|Any CPU.ActiveCfg = Debug|Any CPU
		{321D63D6-7AB7-43EC-B2D5-C915BDE485E5}.Debug|Any CPU.Build.0 = Debug|Any CPU
		{321D63D6-7AB7-43EC-B2D5-C915BDE485E5}.Debug|x64.ActiveCfg = Debug|Any CPU
		{321D63D6-7AB7-43EC-B2D5-C915BDE485E5}.Debug|x64.Build.0 = Debug|Any CPU
		{321D63D6-7AB7-43EC-B2D5-C915BDE485E5}.Debug|x86.ActiveCfg = Debug|Any CPU
		{321D63D6-7AB7-43EC-B2D5-C915BDE485E5}.Debug|x86.Build.0 = Debug|Any CPU
		{321D63D6-7AB7-43EC-B2D5-C915BDE485E5}.Release|Any CPU.ActiveCfg = Release|Any CPU
		{321D63D6-7AB7-43EC-B2D5-C915BDE485E5}.Release|Any CPU.Build.0 = Release|Any CPU
		{321D63D6-7AB7-43EC-B2D5-C915BDE485E5}.Release|x64.ActiveCfg = Release|Any CPU
		{321D63D6-7AB7-43EC-B2D5-C915BDE485E5}.Release|x64.Build.0 = Release|Any CPU
		{321D63D6-7AB7-43EC-B2D5-C915BDE485E5}.Release|x86.ActiveCfg = Release|Any CPU
		{321D63D6-7AB7-43EC-B2D5-C915BDE485E5}.Release|x86.Build.0 = Release|Any CPU
		{0BEA5F7C-BBE1-4B4C-8F11-B7D3310804A0}.Debug|Any CPU.ActiveCfg = Debug|Any CPU
		{0BEA5F7C-BBE1-4B4C-8F11-B7D3310804A0}.Debug|Any CPU.Build.0 = Debug|Any CPU
		{0BEA5F7C-BBE1-4B4C-8F11-B7D3310804A0}.Debug|x64.ActiveCfg = Debug|Any CPU
		{0BEA5F7C-BBE1-4B4C-8F11-B7D3310804A0}.Debug|x64.Build.0 = Debug|Any CPU
		{0BEA5F7C-BBE1-4B4C-8F11-B7D3310804A0}.Debug|x86.ActiveCfg = Debug|Any CPU
		{0BEA5F7C-BBE1-4B4C-8F11-B7D3310804A0}.Debug|x86.Build.0 = Debug|Any CPU
		{0BEA5F7C-BBE1-4B4C-8F11-B7D3310804A0}.Release|Any CPU.ActiveCfg = Release|Any CPU
		{0BEA5F7C-BBE1-4B4C-8F11-B7D3310804A0}.Release|Any CPU.Build.0 = Release|Any CPU
		{0BEA5F7C-BBE1-4B4C-8F11-B7D3310804A0}.Release|x64.ActiveCfg = Release|Any CPU
		{0BEA5F7C-BBE1-4B4C-8F11-B7D3310804A0}.Release|x64.Build.0 = Release|Any CPU
		{0BEA5F7C-BBE1-4B4C-8F11-B7D3310804A0}.Release|x86.ActiveCfg = Release|Any CPU
		{0BEA5F7C-BBE1-4B4C-8F11-B7D3310804A0}.Release|x86.Build.0 = Release|Any CPU
		{441980AC-644B-470E-9689-F258B30A6142}.Debug|Any CPU.ActiveCfg = Debug|Any CPU
		{441980AC-644B-470E-9689-F258B30A6142}.Debug|Any CPU.Build.0 = Debug|Any CPU
		{441980AC-644B-470E-9689-F258B30A6142}.Debug|x64.ActiveCfg = Debug|Any CPU
		{441980AC-644B-470E-9689-F258B30A6142}.Debug|x64.Build.0 = Debug|Any CPU
		{441980AC-644B-470E-9689-F258B30A6142}.Debug|x86.ActiveCfg = Debug|Any CPU
		{441980AC-644B-470E-9689-F258B30A6142}.Debug|x86.Build.0 = Debug|Any CPU
		{441980AC-644B-470E-9689-F258B30A6142}.Release|Any CPU.ActiveCfg = Release|Any CPU
		{441980AC-644B-470E-9689-F258B30A6142}.Release|Any CPU.Build.0 = Release|Any CPU
		{441980AC-644B-470E-9689-F258B30A6142}.Release|x64.ActiveCfg = Release|Any CPU
		{441980AC-644B-470E-9689-F258B30A6142}.Release|x64.Build.0 = Release|Any CPU
		{441980AC-644B-470E-9689-F258B30A6142}.Release|x86.ActiveCfg = Release|Any CPU
		{441980AC-644B-470E-9689-F258B30A6142}.Release|x86.Build.0 = Release|Any CPU
	EndGlobalSection
EndGlobal
